PackratFormat: 1.4
PackratVersion: 0.4.1.1
RVersion: 3.1.1
Repos: CRAN=http://cran.at.r-project.org/

Package: assertthat
Source: CRAN
Version: 0.1
Hash: 4b419cfdc33a3019a7f3c6f0cdea6c38

Package: BH
Source: CRAN
Version: 1.54.0-4
Hash: 240790420ebcf7321eed885d421a8335

Package: bitops
Source: CRAN
Version: 1.0-6
Hash: cb26464a8321628636b547518994c931

Package: caTools
Source: CRAN
Version: 1.17.1
Hash: bb5fdc266f716b8a289a4f92007d53e3
Requires: bitops

Package: colorspace
Source: CRAN
Version: 1.2-4
Hash: b775bd08a10f968fef582304b7c3ab9c

Package: dichromat
Source: CRAN
Version: 2.0-0
Hash: 42be2136555fa4b6167605df56d8cd7c

Package: digest
Source: CRAN
Version: 0.6.4
Hash: e4bf0e79b15a352510aff0de905d31e2

Package: dplyr
Source: github
Version: 0.2.0.99
Hash: 07d8391290d1d16dfb753c7dd5d3ca4ff3bc39e3
Requires: assertthat, BH, hflights, Lahman, magrittr, Rcpp
GithubRepo: dplyr
GithubUsername: hadley
GithubRef: master
GithubSha1: 07d8391290d1d16dfb753c7dd5d3ca4ff3bc39e3

Package: evaluate
Source: CRAN
Version: 0.5.5
Hash: 20881970e590ee68de97a468694db7b0
Requires: stringr

Package: extrafont
Source: CRAN
Version: 0.16
Hash: 976a9af4469920354d5ebc159a8ed2f1
Requires: extrafontdb, Rttf2pt1

Package: extrafontdb
Source: CRAN
Version: 1.0
Hash: edff08634dbcd528f806055d86622c3a

Package: formatR
Source: CRAN
Version: 1.0
Hash: a90c211d7df7e61a72b8ab6c99c2e848

Package: ggplot2
Source: CRAN
Version: 1.0.0
Hash: c8bff66238347472f08b6a35608539ff
Requires: digest, gtable, plyr, proto, reshape2, scales

Package: gtable
Source: CRAN
Version: 0.1.2
Hash: 0cf4a2b54c02b35dec7e74a8ebed12a0

Package: hflights
Source: CRAN
Version: 0.1
Hash: c695268ebb08ef39e7bf4909e667406c

Package: highr
Source: CRAN
Version: 0.3
Hash: 7c85a9b7d07a75e2d8ca74f9467fee21

Package: htmltools
Source: CRAN
Version: 0.2.6
Hash: 2c87108d130de261ac3c468d3316ae42
Requires: digest

Package: httpuv
Source: CRAN
Version: 1.3.0
Hash: 7244bf7093e9c6c1ab23ddab020f197f
Requires: Rcpp

Package: knitr
Source: github
Version: 1.6.18
Hash: d0c51d7a580268b284c6044cd0737a0154f1c3ec
Requires: digest, evaluate, formatR, highr, markdown, stringr
GithubRepo: knitr
GithubUsername: yihui
GithubRef: master
GithubSha1: d0c51d7a580268b284c6044cd0737a0154f1c3ec

Package: labeling
Source: CRAN
Version: 0.3
Hash: 568a992912caf7eeddfb121924154047

Package: Lahman
Source: CRAN
Version: 3.0-1
Hash: 01ed6aeccc6eda186d88f2bb2cab37e6

Package: lubridate
Source: CRAN
Version: 1.3.3
Hash: f19612b23b1b15febdf30ee920a6e7df
Requires: memoise, plyr, stringr

Package: magrittr
Source: CRAN
Version: 1.0.1
Hash: 576e5bf21e3801499cebc27af6ad1627

Package: markdown
Source: CRAN
Version: 0.7.4
Hash: 01d7f71ed6e3d9b1c17ba51cff91be72
Requires: mime

Package: memoise
Source: CRAN
Version: 0.2.1
Hash: fc52fa39dfd216c44d64812ff31b1c67
Requires: digest

Package: mime
Source: CRAN
Version: 0.1.2
Hash: 08ae994b18677717b786ade9c113b6ea

Package: munsell
Source: CRAN
Version: 0.4.2
Hash: fa8af6d040041439b249351e9d16ae9a
Requires: colorspace

Package: packrat
Source: CRAN
Version: 0.4.1-1
Hash: 5716097644904b9c1b4be2692de16005

Package: pander
Source: CRAN
Version: 0.3.8
Hash: b867a27efb0ed511ec115bc9c34547b8
Requires: digest

Package: plyr
Source: CRAN
Version: 1.8.1
Hash: be21bad411e628f810a92212e17b5be7
Requires: Rcpp

Package: proto
Source: CRAN
Version: 0.3-10
Hash: 668a9e87cedbdc5f56c396edf1bd2648

Package: RColorBrewer
Source: CRAN
Version: 1.0-5
Hash: 6a849b729bec970204ca88b96906adbc

Package: Rcpp
Source: CRAN
Version: 0.11.2
Hash: ef2b1a5e45d1461bd720e4ebbe48e601

Package: reshape2
Source: CRAN
Version: 1.4
Hash: b210925e978fd52ad5eb0822a353e7ce
Requires: plyr, Rcpp, stringr

Package: rgl
Source: CRAN
Version: 0.93.1098
Hash: 3aaa8dbaf7183d1779b5b963d0e4b0ce

Package: RJSONIO
Source: CRAN
Version: 1.3-0
Hash: 8b1341dfd547c90ed4b3365d5aa46a7b

Package: rmarkdown
Source: github
Version: 0.3.3
Hash: fd8dafdea0b4cc68b9dc3da0557a506e60e77ee2
Requires: caTools, htmltools, knitr, yaml
GithubRepo: rmarkdown
GithubUsername: rstudio
GithubRef: master
GithubSha1: fd8dafdea0b4cc68b9dc3da0557a506e60e77ee2

Package: Rttf2pt1
Source: CRAN
Version: 1.3.2
Hash: b137e8b011ebd12d20e97a569d3b715f

Package: scales
Source: CRAN
Version: 0.2.4
Hash: b8b1af97bd07818605223060386b00dd
Requires: dichromat, labeling, munsell, plyr, RColorBrewer

Package: shiny
Source: CRAN
Version: 0.10.1
Hash: abf0d95fb716352103ee6d35b51fffa4
Requires: caTools, digest, htmltools, httpuv, RJSONIO, xtable

Package: stringr
Source: CRAN
Version: 0.6.2
Hash: cdde0cfa0f52cffeaca23a11a3899779

Package: testit
Source: CRAN
Version: 0.3
Hash: bed1a0d361d2efefbe445aac2774b256

Package: testthat
Source: CRAN
Version: 0.8.1
Hash: f296283e62e2ff299efa01e26cfc3eb1
Requires: digest

Package: tidyr
Source: CRAN
Version: 0.1
Hash: 670914c4cc556ce437637448b4b3e8b0
Requires: dplyr, reshape2

Package: XML
Source: CRAN
Version: 3.98-1.1
Hash: 13746d37588e7083349177d6e8234864

Package: xtable
Source: CRAN
Version: 1.7-4
Hash: 7b30b5ca6c7ae80c4f916502e3ad0237

Package: yaml
Source: CRAN
Version: 2.1.13
Hash: e5d041c001f6d641fd009c1f6ef7d831
